{
  "nodes": {
    "firefox-transparent": {
      "inputs": {
        "nixpkgs": [
          "nixpkgs"
        ]
      },
      "locked": {
        "lastModified": 1,
        "narHash": "sha256-EpknYeiiX/OAqKAok2+UJKXsTd+3+C8vj06wlT1HRls=",
        "path": "./flakes/firefox-transparent",
        "type": "path"
      },
      "original": {
        "path": "./flakes/firefox-transparent",
        "type": "path"
      }
    },
    "flake-parts": {
      "inputs": {
        "nixpkgs-lib": "nixpkgs-lib"
      },
      "locked": {
        "lastModified": 1714641030,
        "narHash": "sha256-yzcRNDoyVP7+SCNX0wmuDju1NUCt8Dz9+lyUXEI0dbI=",
        "owner": "hercules-ci",
        "repo": "flake-parts",
        "rev": "e5d10a24b66c3ea8f150e47dfdb0416ab7c3390e",
        "type": "github"
      },
      "original": {
        "owner": "hercules-ci",
        "repo": "flake-parts",
        "type": "github"
      }
    },
    "home-manager": {
      "inputs": {
        "nixpkgs": [
          "nixpkgs"
        ]
      },
      "locked": {
        "lastModified": 1715077503,
        "narHash": "sha256-AfHQshzLQfUqk/efMtdebHaQHqVntCMjhymQzVFLes0=",
        "owner": "nix-community",
        "repo": "home-manager",
        "rev": "6e277d9566de9976f47228dd8c580b97488734d4",
        "type": "github"
      },
      "original": {
        "owner": "nix-community",
        "repo": "home-manager",
        "type": "github"
      }
    },
    "hyprcursor": {
      "inputs": {
        "hyprlang": [
          "hyprland",
          "hyprlang"
        ],
        "nixpkgs": [
          "hyprland",
          "nixpkgs"
        ],
        "systems": [
          "hyprland",
          "systems"
        ]
      },
      "locked": {
        "lastModified": 1713612213,
        "narHash": "sha256-zJboXgWNpNhKyNF8H/3UYzWkx7w00TOCGKi3cwi+tsw=",
        "owner": "hyprwm",
        "repo": "hyprcursor",
        "rev": "cab4746180f210a3c1dd3d53e45c510e309e90e1",
        "type": "github"
      },
      "original": {
        "owner": "hyprwm",
        "repo": "hyprcursor",
        "type": "github"
      }
    },
    "hyprland": {
      "inputs": {
        "hyprcursor": "hyprcursor",
        "hyprlang": "hyprlang",
        "hyprwayland-scanner": "hyprwayland-scanner",
        "nixpkgs": "nixpkgs",
        "systems": "systems",
        "xdph": "xdph"
      },
      "locked": {
        "lastModified": 1715088506,
        "narHash": "sha256-8KUE4xi+kTgnZtlNf+I7U95NbIlbxK9uR9kKpSA+5Lk=",
        "ref": "refs/heads/main",
        "rev": "ec092bd601d9d351ff6ca34bd97f12055b2a4dd9",
        "revCount": 4627,
        "submodules": true,
        "type": "git",
        "url": "https://github.com/hyprwm/Hyprland"
      },
      "original": {
        "submodules": true,
        "type": "git",
        "url": "https://github.com/hyprwm/Hyprland"
      }
    },
    "hyprland-protocols": {
      "inputs": {
        "nixpkgs": [
          "hyprland",
          "xdph",
          "nixpkgs"
        ],
        "systems": [
          "hyprland",
          "xdph",
          "systems"
        ]
      },
      "locked": {
        "lastModified": 1714869498,
        "narHash": "sha256-vbLVOWvQqo4n1yvkg/Q70VTlPbMmTiCQfNTgcWDCfJM=",
        "owner": "hyprwm",
        "repo": "hyprland-protocols",
        "rev": "e06482e0e611130cd1929f75e8c1cf679e57d161",
        "type": "github"
      },
      "original": {
        "owner": "hyprwm",
        "repo": "hyprland-protocols",
        "type": "github"
      }
    },
    "hyprlang": {
      "inputs": {
        "nixpkgs": [
          "hyprland",
          "nixpkgs"
        ],
        "systems": [
          "hyprland",
          "systems"
        ]
      },
      "locked": {
        "lastModified": 1713121246,
        "narHash": "sha256-502X0Q0fhN6tJK7iEUA8CghONKSatW/Mqj4Wappd++0=",
        "owner": "hyprwm",
        "repo": "hyprlang",
        "rev": "78fcaa27ae9e1d782faa3ff06c8ea55ddce63706",
        "type": "github"
      },
      "original": {
        "owner": "hyprwm",
        "repo": "hyprlang",
        "type": "github"
      }
    },
    "hyprwayland-scanner": {
      "inputs": {
        "nixpkgs": [
          "hyprland",
          "nixpkgs"
        ],
        "systems": [
          "hyprland",
          "systems"
        ]
      },
      "locked": {
        "lastModified": 1715088365,
        "narHash": "sha256-cVH43+fiiCXqr6F2vUA8KmNI9ytWIQoZGnVz0IpBbZw=",
        "owner": "hyprwm",
        "repo": "hyprwayland-scanner",
        "rev": "6119dc2a965fd30ffa45c50a8398d5da3150df4c",
        "type": "github"
      },
      "original": {
        "owner": "hyprwm",
        "repo": "hyprwayland-scanner",
        "type": "github"
      }
    },
    "impermanence": {
      "locked": {
        "lastModified": 1708968331,
        "narHash": "sha256-VUXLaPusCBvwM3zhGbRIJVeYluh2uWuqtj4WirQ1L9Y=",
        "owner": "nix-community",
        "repo": "impermanence",
        "rev": "a33ef102a02ce77d3e39c25197664b7a636f9c30",
        "type": "github"
      },
      "original": {
        "owner": "nix-community",
        "repo": "impermanence",
        "type": "github"
      }
    },
    "miku-cursor": {
      "inputs": {
        "nixpkgs": [
          "nixpkgs"
        ]
      },
      "locked": {
        "lastModified": 1,
        "narHash": "sha256-9ejg4o+fTHKF9OP0SWMr5gkL0yh38guQNQ6mml3wPKg=",
        "path": "./flakes/miku-cursor",
        "type": "path"
      },
      "original": {
        "path": "./flakes/miku-cursor",
        "type": "path"
      }
    },
    "nix-gaming": {
      "inputs": {
        "flake-parts": "flake-parts",
        "nixpkgs": "nixpkgs_2"
      },
      "locked": {
        "lastModified": 1714872073,
        "narHash": "sha256-Gybo6MqJ2tva9vMaSxOgie8uVObiP0LxD2FMokiR0X4=",
        "owner": "fufexan",
        "repo": "nix-gaming",
        "rev": "b85b9c3afa1bfee0150580eb76c52e572a85a6a9",
        "type": "github"
      },
      "original": {
        "owner": "fufexan",
        "repo": "nix-gaming",
        "type": "github"
      }
    },
    "nixpkgs": {
      "locked": {
        "lastModified": 1714253743,
        "narHash": "sha256-mdTQw2XlariysyScCv2tTE45QSU9v/ezLcHJ22f0Nxc=",
        "owner": "NixOS",
        "repo": "nixpkgs",
        "rev": "58a1abdbae3217ca6b702f03d3b35125d88a2994",
        "type": "github"
      },
      "original": {
        "owner": "NixOS",
        "ref": "nixos-unstable",
        "repo": "nixpkgs",
        "type": "github"
      }
    },
    "nixpkgs-lib": {
      "locked": {
        "lastModified": 1714640452,
        "narHash": "sha256-QBx10+k6JWz6u7VsohfSw8g8hjdBZEf8CFzXH1/1Z94=",
        "type": "tarball",
        "url": "https://github.com/NixOS/nixpkgs/archive/50eb7ecf4cd0a5756d7275c8ba36790e5bd53e33.tar.gz"
      },
      "original": {
        "type": "tarball",
        "url": "https://github.com/NixOS/nixpkgs/archive/50eb7ecf4cd0a5756d7275c8ba36790e5bd53e33.tar.gz"
      }
    },
    "nixpkgs_2": {
      "locked": {
        "lastModified": 1714809261,
        "narHash": "sha256-hfBmnYFyz9I1mdrC3tX1A+dF9cOUcds5PIMPxrT+cRk=",
        "owner": "NixOS",
        "repo": "nixpkgs",
        "rev": "d32560238207b8e26d88b265207b216ee46b8450",
        "type": "github"
      },
      "original": {
        "owner": "NixOS",
        "ref": "nixpkgs-unstable",
        "repo": "nixpkgs",
        "type": "github"
      }
    },
    "nixpkgs_3": {
      "locked": {
        "lastModified": 1714906307,
        "narHash": "sha256-UlRZtrCnhPFSJlDQE7M0eyhgvuuHBTe1eJ9N9AQlJQ0=",
        "owner": "NixOS",
        "repo": "nixpkgs",
        "rev": "25865a40d14b3f9cf19f19b924e2ab4069b09588",
        "type": "github"
      },
      "original": {
        "id": "nixpkgs",
        "ref": "nixos-unstable",
        "type": "indirect"
      }
    },
    "qti": {
      "inputs": {
        "nixpkgs": [
          "nixpkgs"
        ]
      },
      "locked": {
        "lastModified": 1715072265,
        "narHash": "sha256-NCJ2yM39OXC3GTotaVoGlCNbtUZ56NjrOix7iEq9gCM=",
        "ref": "refs/heads/master",
        "rev": "0bd2972e6cb0b67e167b09fde59a660140b66f06",
        "revCount": 30,
        "submodules": true,
        "type": "git",
        "url": "https://github.com/pterror/qti"
      },
      "original": {
        "submodules": true,
        "type": "git",
        "url": "https://github.com/pterror/qti"
      }
    },
    "quickshell": {
      "inputs": {
        "nixpkgs": [
          "nixpkgs"
        ]
      },
      "locked": {
        "lastModified": 1715059190,
        "narHash": "sha256-4oUytKRHrhydBC20s5Ge4y1NGZwUYMNWcZ/KLkI5XU4=",
        "ref": "refs/heads/master",
        "rev": "bba8cb8a7dcce95905b6dc3c23d1b1c8e56cab2c",
        "revCount": 173,
        "type": "git",
        "url": "https://git.outfoxxed.me/outfoxxed/quickshell"
      },
      "original": {
        "type": "git",
        "url": "https://git.outfoxxed.me/outfoxxed/quickshell"
      }
    },
    "root": {
      "inputs": {
        "firefox-transparent": "firefox-transparent",
        "home-manager": "home-manager",
        "hyprland": "hyprland",
        "impermanence": "impermanence",
        "miku-cursor": "miku-cursor",
        "nix-gaming": "nix-gaming",
        "nixpkgs": "nixpkgs_3",
        "qti": "qti",
        "quickshell": "quickshell",
        "unicorn-scribbles-font": "unicorn-scribbles-font"
      }
    },
    "systems": {
      "locked": {
        "lastModified": 1689347949,
        "narHash": "sha256-12tWmuL2zgBgZkdoB6qXZsgJEH9LR3oUgpaQq2RbI80=",
        "owner": "nix-systems",
        "repo": "default-linux",
        "rev": "31732fcf5e8fea42e59c2488ad31a0e651500f68",
        "type": "github"
      },
      "original": {
        "owner": "nix-systems",
        "repo": "default-linux",
        "type": "github"
      }
    },
    "unicorn-scribbles-font": {
      "inputs": {
        "nixpkgs": [
          "nixpkgs"
        ]
      },
      "locked": {
        "lastModified": 1,
        "narHash": "sha256-KzMZkQFoPoSdYp49Qw7etVeGitTF2HGe8BeAKOKYSik=",
        "path": "./flakes/unicorn-scribbles-font",
        "type": "path"
      },
      "original": {
        "path": "./flakes/unicorn-scribbles-font",
        "type": "path"
      }
    },
    "xdph": {
      "inputs": {
        "hyprland-protocols": "hyprland-protocols",
        "hyprlang": [
          "hyprland",
          "hyprlang"
        ],
        "nixpkgs": [
          "hyprland",
          "nixpkgs"
        ],
        "systems": [
          "hyprland",
          "systems"
        ]
      },
      "locked": {
        "lastModified": 1714060055,
        "narHash": "sha256-j43TS9wv9luaAlpxcxw0sjxkbcc2mGANVR2RYgo3RCw=",
        "owner": "hyprwm",
        "repo": "xdg-desktop-portal-hyprland",
        "rev": "0fe840441e43da12cd7865ed9aa8cdc35a8da85a",
        "type": "github"
      },
      "original": {
        "owner": "hyprwm",
        "repo": "xdg-desktop-portal-hyprland",
        "type": "github"
      }
    }
  },
  "root": "root",
  "version": 7
}
