{
  "nodes": {
    "black_hole": {
      "inputs": {
        "crane": "crane",
        "nixpkgs": [
          "stardust-telescope",
          "nixpkgs"
        ]
      },
      "locked": {
        "lastModified": 1724218535,
        "narHash": "sha256-f8p6v+cACvoyjSBQDNbbb7dWLX0Jc/bOmdBjb7TvoiA=",
        "owner": "StardustXR",
        "repo": "black-hole",
        "rev": "875603d95bee7c4eb41a6aa7e16e3d5827e2098d",
        "type": "github"
      },
      "original": {
        "owner": "StardustXR",
        "repo": "black-hole",
        "type": "github"
      }
    },
    "crane": {
      "inputs": {
        "nixpkgs": [
          "stardust-telescope",
          "black_hole",
          "nixpkgs"
        ]
      },
      "locked": {
        "lastModified": 1712681629,
        "narHash": "sha256-bMDXn4AkTXLCpoZbII6pDGoSeSe9gI87jxPsHRXgu/E=",
        "owner": "ipetkov",
        "repo": "crane",
        "rev": "220387ac8e99cbee0ca4c95b621c4bc782b6a235",
        "type": "github"
      },
      "original": {
        "owner": "ipetkov",
        "repo": "crane",
        "type": "github"
      }
    },
    "crane_2": {
      "inputs": {
        "nixpkgs": [
          "stardust-telescope",
          "flatland",
          "nixpkgs"
        ]
      },
      "locked": {
        "lastModified": 1712681629,
        "narHash": "sha256-bMDXn4AkTXLCpoZbII6pDGoSeSe9gI87jxPsHRXgu/E=",
        "owner": "ipetkov",
        "repo": "crane",
        "rev": "220387ac8e99cbee0ca4c95b621c4bc782b6a235",
        "type": "github"
      },
      "original": {
        "owner": "ipetkov",
        "repo": "crane",
        "type": "github"
      }
    },
    "crane_3": {
      "inputs": {
        "nixpkgs": [
          "stardust-telescope",
          "gravity",
          "nixpkgs"
        ]
      },
      "locked": {
        "lastModified": 1712681629,
        "narHash": "sha256-bMDXn4AkTXLCpoZbII6pDGoSeSe9gI87jxPsHRXgu/E=",
        "owner": "ipetkov",
        "repo": "crane",
        "rev": "220387ac8e99cbee0ca4c95b621c4bc782b6a235",
        "type": "github"
      },
      "original": {
        "owner": "ipetkov",
        "repo": "crane",
        "type": "github"
      }
    },
    "crane_4": {
      "inputs": {
        "nixpkgs": [
          "stardust-telescope",
          "protostar",
          "nixpkgs"
        ]
      },
      "locked": {
        "lastModified": 1712681629,
        "narHash": "sha256-bMDXn4AkTXLCpoZbII6pDGoSeSe9gI87jxPsHRXgu/E=",
        "owner": "ipetkov",
        "repo": "crane",
        "rev": "220387ac8e99cbee0ca4c95b621c4bc782b6a235",
        "type": "github"
      },
      "original": {
        "owner": "ipetkov",
        "repo": "crane",
        "type": "github"
      }
    },
    "crane_5": {
      "inputs": {
        "nixpkgs": [
          "stardust-telescope",
          "server",
          "flatland",
          "nixpkgs"
        ]
      },
      "locked": {
        "lastModified": 1712681629,
        "narHash": "sha256-bMDXn4AkTXLCpoZbII6pDGoSeSe9gI87jxPsHRXgu/E=",
        "owner": "ipetkov",
        "repo": "crane",
        "rev": "220387ac8e99cbee0ca4c95b621c4bc782b6a235",
        "type": "github"
      },
      "original": {
        "owner": "ipetkov",
        "repo": "crane",
        "type": "github"
      }
    },
    "flake-parts": {
      "inputs": {
        "nixpkgs-lib": "nixpkgs-lib"
      },
      "locked": {
        "lastModified": 1735774679,
        "narHash": "sha256-soePLBazJk0qQdDVhdbM98vYdssfs3WFedcq+raipRI=",
        "owner": "hercules-ci",
        "repo": "flake-parts",
        "rev": "f2f7418ce0ab4a5309a4596161d154cfc877af66",
        "type": "github"
      },
      "original": {
        "owner": "hercules-ci",
        "repo": "flake-parts",
        "type": "github"
      }
    },
    "flake-parts_2": {
      "inputs": {
        "nixpkgs-lib": "nixpkgs-lib_2"
      },
      "locked": {
        "lastModified": 1722555600,
        "narHash": "sha256-XOQkdLafnb/p9ij77byFQjDf5m5QYl9b2REiVClC+x4=",
        "owner": "hercules-ci",
        "repo": "flake-parts",
        "rev": "8471fe90ad337a8074e957b69ca4d0089218391d",
        "type": "github"
      },
      "original": {
        "id": "flake-parts",
        "type": "indirect"
      }
    },
    "flake-parts_3": {
      "inputs": {
        "nixpkgs-lib": "nixpkgs-lib_3"
      },
      "locked": {
        "lastModified": 1722555600,
        "narHash": "sha256-XOQkdLafnb/p9ij77byFQjDf5m5QYl9b2REiVClC+x4=",
        "owner": "hercules-ci",
        "repo": "flake-parts",
        "rev": "8471fe90ad337a8074e957b69ca4d0089218391d",
        "type": "github"
      },
      "original": {
        "owner": "hercules-ci",
        "repo": "flake-parts",
        "type": "github"
      }
    },
    "flake-parts_4": {
      "inputs": {
        "nixpkgs-lib": [
          "stardust-telescope",
          "server",
          "hercules-ci-effects",
          "nixpkgs"
        ]
      },
      "locked": {
        "lastModified": 1712014858,
        "narHash": "sha256-sB4SWl2lX95bExY2gMFG5HIzvva5AVMJd4Igm+GpZNw=",
        "owner": "hercules-ci",
        "repo": "flake-parts",
        "rev": "9126214d0a59633752a136528f5f3b9aa8565b7d",
        "type": "github"
      },
      "original": {
        "id": "flake-parts",
        "type": "indirect"
      }
    },
    "flatland": {
      "inputs": {
        "crane": "crane_2",
        "nixpkgs": [
          "stardust-telescope",
          "nixpkgs"
        ]
      },
      "locked": {
        "lastModified": 1723505450,
        "narHash": "sha256-WNCKo9R5N8bbqIliusz/M9/2SHwDBoahH87GWmGjgSY=",
        "owner": "StardustXR",
        "repo": "flatland",
        "rev": "d2b0b6c83f4a52cf4206a04df7c4aa941fb6ae8b",
        "type": "github"
      },
      "original": {
        "owner": "StardustXR",
        "ref": "dev",
        "repo": "flatland",
        "type": "github"
      }
    },
    "flatland_2": {
      "inputs": {
        "crane": "crane_5",
        "nixpkgs": "nixpkgs_3"
      },
      "locked": {
        "lastModified": 1713050562,
        "narHash": "sha256-m7c6XpmpTM1URuqMG2KqtaWbL2Vt8vJFJtmvq123BmY=",
        "owner": "StardustXR",
        "repo": "flatland",
        "rev": "b3b0f29c4ea1b82c96cf9de507837bf15a5e4c0e",
        "type": "github"
      },
      "original": {
        "owner": "StardustXR",
        "repo": "flatland",
        "type": "github"
      }
    },
    "gravity": {
      "inputs": {
        "crane": "crane_3",
        "nixpkgs": [
          "stardust-telescope",
          "nixpkgs"
        ]
      },
      "locked": {
        "lastModified": 1724217374,
        "narHash": "sha256-R87u7CX2n7iOOEEB3cHae2doqCn/skChHgeU+RNsHVk=",
        "owner": "StardustXR",
        "repo": "gravity",
        "rev": "96787ed3139717ea6061f6e259e9fed3e483274a",
        "type": "github"
      },
      "original": {
        "owner": "StardustXR",
        "ref": "dev",
        "repo": "gravity",
        "type": "github"
      }
    },
    "hercules-ci-effects": {
      "inputs": {
        "flake-parts": "flake-parts_4",
        "nixpkgs": "nixpkgs_4"
      },
      "locked": {
        "lastModified": 1719226092,
        "narHash": "sha256-YNkUMcCUCpnULp40g+svYsaH1RbSEj6s4WdZY/SHe38=",
        "owner": "hercules-ci",
        "repo": "hercules-ci-effects",
        "rev": "11e4b8dc112e2f485d7c97e1cee77f9958f498f5",
        "type": "github"
      },
      "original": {
        "owner": "hercules-ci",
        "repo": "hercules-ci-effects",
        "type": "github"
      }
    },
    "home-manager": {
      "inputs": {
        "nixpkgs": [
          "nixpkgs"
        ]
      },
      "locked": {
        "lastModified": 1736089250,
        "narHash": "sha256-/LPWMiiJGPHGd7ZYEgmbE2da4zvBW0acmshUjYC3WG4=",
        "owner": "nix-community",
        "repo": "home-manager",
        "rev": "172b91bfb2b7f5c4a8c6ceac29fd53a01ef07196",
        "type": "github"
      },
      "original": {
        "owner": "nix-community",
        "repo": "home-manager",
        "type": "github"
      }
    },
    "impermanence": {
      "locked": {
        "lastModified": 1734945620,
        "narHash": "sha256-olIfsfJK4/GFmPH8mXMmBDAkzVQ1TWJmeGT3wBGfQPY=",
        "owner": "nix-community",
        "repo": "impermanence",
        "rev": "d000479f4f41390ff7cf9204979660ad5dd16176",
        "type": "github"
      },
      "original": {
        "owner": "nix-community",
        "repo": "impermanence",
        "type": "github"
      }
    },
    "miku-cursor": {
      "inputs": {
        "nixpkgs": [
          "nixpkgs"
        ]
      },
      "locked": {
        "lastModified": 1,
        "narHash": "sha256-FKesREblL3HYQUuX4DU//NTqMkBGckJQygaGnNZpdoQ=",
        "path": "./flakes/miku-cursor",
        "type": "path"
      },
      "original": {
        "path": "./flakes/miku-cursor",
        "type": "path"
      }
    },
    "nix-gaming": {
      "inputs": {
        "flake-parts": "flake-parts",
        "nixpkgs": "nixpkgs",
        "umu": "umu"
      },
      "locked": {
        "lastModified": 1736127863,
        "narHash": "sha256-ojmsjlPRzxQp5tAvFRbCXxd94M95bgTgMN7iWIRjlBU=",
        "owner": "fufexan",
        "repo": "nix-gaming",
        "rev": "c94feb626623183da1121d9849f1af2de3dca66f",
        "type": "github"
      },
      "original": {
        "owner": "fufexan",
        "repo": "nix-gaming",
        "type": "github"
      }
    },
    "nixpkgs": {
      "locked": {
        "lastModified": 1735915915,
        "narHash": "sha256-Q4HuFAvoKAIiTRZTUxJ0ZXeTC7lLfC9/dggGHNXNlCw=",
        "owner": "NixOS",
        "repo": "nixpkgs",
        "rev": "a27871180d30ebee8aa6b11bf7fef8a52f024733",
        "type": "github"
      },
      "original": {
        "owner": "NixOS",
        "ref": "nixpkgs-unstable",
        "repo": "nixpkgs",
        "type": "github"
      }
    },
    "nixpkgs-lib": {
      "locked": {
        "lastModified": 1735774519,
        "narHash": "sha256-CewEm1o2eVAnoqb6Ml+Qi9Gg/EfNAxbRx1lANGVyoLI=",
        "type": "tarball",
        "url": "https://github.com/NixOS/nixpkgs/archive/e9b51731911566bbf7e4895475a87fe06961de0b.tar.gz"
      },
      "original": {
        "type": "tarball",
        "url": "https://github.com/NixOS/nixpkgs/archive/e9b51731911566bbf7e4895475a87fe06961de0b.tar.gz"
      }
    },
    "nixpkgs-lib_2": {
      "locked": {
        "lastModified": 1722555339,
        "narHash": "sha256-uFf2QeW7eAHlYXuDktm9c25OxOyCoUOQmh5SZ9amE5Q=",
        "type": "tarball",
        "url": "https://github.com/NixOS/nixpkgs/archive/a5d394176e64ab29c852d03346c1fc9b0b7d33eb.tar.gz"
      },
      "original": {
        "type": "tarball",
        "url": "https://github.com/NixOS/nixpkgs/archive/a5d394176e64ab29c852d03346c1fc9b0b7d33eb.tar.gz"
      }
    },
    "nixpkgs-lib_3": {
      "locked": {
        "lastModified": 1722555339,
        "narHash": "sha256-uFf2QeW7eAHlYXuDktm9c25OxOyCoUOQmh5SZ9amE5Q=",
        "type": "tarball",
        "url": "https://github.com/NixOS/nixpkgs/archive/a5d394176e64ab29c852d03346c1fc9b0b7d33eb.tar.gz"
      },
      "original": {
        "type": "tarball",
        "url": "https://github.com/NixOS/nixpkgs/archive/a5d394176e64ab29c852d03346c1fc9b0b7d33eb.tar.gz"
      }
    },
    "nixpkgs_2": {
      "locked": {
        "lastModified": 1736012469,
        "narHash": "sha256-/qlNWm/IEVVH7GfgAIyP6EsVZI6zjAx1cV5zNyrs+rI=",
        "owner": "NixOS",
        "repo": "nixpkgs",
        "rev": "8f3e1f807051e32d8c95cd12b9b421623850a34d",
        "type": "github"
      },
      "original": {
        "id": "nixpkgs",
        "ref": "nixos-unstable",
        "type": "indirect"
      }
    },
    "nixpkgs_3": {
      "locked": {
        "lastModified": 1712791164,
        "narHash": "sha256-3sbWO1mbpWsLepZGbWaMovSO7ndZeFqDSdX0hZ9nVyw=",
        "owner": "NixOS",
        "repo": "nixpkgs",
        "rev": "1042fd8b148a9105f3c0aca3a6177fd1d9360ba5",
        "type": "github"
      },
      "original": {
        "owner": "NixOS",
        "ref": "nixos-unstable",
        "repo": "nixpkgs",
        "type": "github"
      }
    },
    "nixpkgs_4": {
      "locked": {
        "lastModified": 1713714899,
        "narHash": "sha256-+z/XjO3QJs5rLE5UOf015gdVauVRQd2vZtsFkaXBq2Y=",
        "owner": "NixOS",
        "repo": "nixpkgs",
        "rev": "6143fc5eeb9c4f00163267708e26191d1e918932",
        "type": "github"
      },
      "original": {
        "owner": "NixOS",
        "ref": "nixos-unstable",
        "repo": "nixpkgs",
        "type": "github"
      }
    },
    "pointfree-font": {
      "inputs": {
        "nixpkgs": [
          "nixpkgs"
        ]
      },
      "locked": {
        "lastModified": 1,
        "narHash": "sha256-7ejuIY16CqHnCmiM/vmq2BusqzFUgBxzfQ6Z8wvZ+HA=",
        "path": "./flakes/pointfree-font",
        "type": "path"
      },
      "original": {
        "path": "./flakes/pointfree-font",
        "type": "path"
      }
    },
    "protostar": {
      "inputs": {
        "crane": "crane_4",
        "nixpkgs": [
          "stardust-telescope",
          "nixpkgs"
        ]
      },
      "locked": {
        "lastModified": 1721395853,
        "narHash": "sha256-TPpkjTOZVtyVZdK65C951DpEzfI9aaRMXclZ31dAk9s=",
        "owner": "StardustXR",
        "repo": "protostar",
        "rev": "39499a061af74c3a2d5e1e46e4ad21aca5727219",
        "type": "github"
      },
      "original": {
        "owner": "StardustXR",
        "ref": "dev",
        "repo": "protostar",
        "type": "github"
      }
    },
    "qti": {
      "inputs": {
        "nixpkgs": [
          "nixpkgs"
        ]
      },
      "locked": {
        "lastModified": 1722873086,
        "narHash": "sha256-wt+NCfKSdndSYctiA8Fpg6soQPeAJfqamIdYugU9KX4=",
        "ref": "refs/heads/master",
        "rev": "899de3312a6c388945edb72e845869f03380012b",
        "revCount": 53,
        "submodules": true,
        "type": "git",
        "url": "https://github.com/pterror/qti"
      },
      "original": {
        "submodules": true,
        "type": "git",
        "url": "https://github.com/pterror/qti"
      }
    },
    "quickshell": {
      "inputs": {
        "nixpkgs": [
          "nixpkgs"
        ]
      },
      "locked": {
        "lastModified": 1736149983,
        "narHash": "sha256-CAe5j6gO3ltAD6Q7j9pJHzmTPgLdGxkb62U4XYZKd48=",
        "ref": "refs/heads/master",
        "rev": "af86d5fd19fea627b484e825402629a5aae5747f",
        "revCount": 452,
        "type": "git",
        "url": "https://git.outfoxxed.me/outfoxxed/quickshell"
      },
      "original": {
        "type": "git",
        "url": "https://git.outfoxxed.me/outfoxxed/quickshell"
      }
    },
    "root": {
      "inputs": {
        "home-manager": "home-manager",
        "impermanence": "impermanence",
        "miku-cursor": "miku-cursor",
        "nix-gaming": "nix-gaming",
        "nixpkgs": "nixpkgs_2",
        "pointfree-font": "pointfree-font",
        "qti": "qti",
        "quickshell": "quickshell",
        "stardust-telescope": "stardust-telescope",
        "unicorn-scribbles-font": "unicorn-scribbles-font"
      }
    },
    "server": {
      "inputs": {
        "flake-parts": "flake-parts_3",
        "flatland": "flatland_2",
        "hercules-ci-effects": "hercules-ci-effects",
        "nixpkgs": [
          "stardust-telescope",
          "nixpkgs"
        ]
      },
      "locked": {
        "lastModified": 1725441283,
        "narHash": "sha256-/auxbL5TNvIVD2UpzRWgLlbFxOmczmC26F+IWUHDdK0=",
        "owner": "StardustXR",
        "repo": "server",
        "rev": "4683710f095310317633d6aed495d835a5fa609c",
        "type": "github"
      },
      "original": {
        "owner": "StardustXR",
        "ref": "dev",
        "repo": "server",
        "type": "github"
      }
    },
    "stardust-telescope": {
      "inputs": {
        "black_hole": "black_hole",
        "flake-parts": "flake-parts_2",
        "flatland": "flatland",
        "gravity": "gravity",
        "nixpkgs": [
          "nixpkgs"
        ],
        "protostar": "protostar",
        "server": "server"
      },
      "locked": {
        "lastModified": 1736121296,
        "narHash": "sha256-COit+gT8joYjNQu43e6q9pifgi+UHheXXEAthbLqYAQ=",
        "owner": "StardustXR",
        "repo": "telescope",
        "rev": "a262440b23c106e4061fb5e4407a2d33f1d26b3b",
        "type": "github"
      },
      "original": {
        "owner": "StardustXR",
        "repo": "telescope",
        "type": "github"
      }
    },
    "umu": {
      "inputs": {
        "nixpkgs": [
          "nix-gaming",
          "nixpkgs"
        ]
      },
      "locked": {
        "dir": "packaging/nix",
        "lastModified": 1735507919,
        "narHash": "sha256-4cR4mk1660p3y8wnX0XbHSQh4KX0mbMn6/2YnALNt8o=",
        "ref": "refs/heads/main",
        "rev": "59a82ea8cd284c7535bc06b8f6156abb7da96f6a",
        "revCount": 874,
        "submodules": true,
        "type": "git",
        "url": "https://github.com/Open-Wine-Components/umu-launcher/?dir=packaging/nix"
      },
      "original": {
        "dir": "packaging/nix",
        "submodules": true,
        "type": "git",
        "url": "https://github.com/Open-Wine-Components/umu-launcher/?dir=packaging/nix"
      }
    },
    "unicorn-scribbles-font": {
      "inputs": {
        "nixpkgs": [
          "nixpkgs"
        ]
      },
      "locked": {
        "lastModified": 1,
        "narHash": "sha256-P8OcoIb/pn1urxKcdX96C1R+KemZJYe5YcEZ+ZpXI0k=",
        "path": "./flakes/unicorn-scribbles-font",
        "type": "path"
      },
      "original": {
        "path": "./flakes/unicorn-scribbles-font",
        "type": "path"
      }
    }
  },
  "root": "root",
  "version": 7
}
