{
  "nodes": {
    "flake-parts": {
      "inputs": {
        "nixpkgs-lib": "nixpkgs-lib"
      },
      "locked": {
        "lastModified": 1719994518,
        "narHash": "sha256-pQMhCCHyQGRzdfAkdJ4cIWiw+JNuWsTX7f0ZYSyz0VY=",
        "owner": "hercules-ci",
        "repo": "flake-parts",
        "rev": "9227223f6d922fee3c7b190b2cc238a99527bbb7",
        "type": "github"
      },
      "original": {
        "owner": "hercules-ci",
        "repo": "flake-parts",
        "type": "github"
      }
    },
    "home-manager": {
      "inputs": {
        "nixpkgs": [
          "nixpkgs"
        ]
      },
      "locked": {
        "lastModified": 1720734513,
        "narHash": "sha256-neWQ8eNtLTd+YMesb7WjKl1SVCbDyCm46LUgP/g/hdo=",
        "owner": "nix-community",
        "repo": "home-manager",
        "rev": "90ae324e2c56af10f20549ab72014804a3064c7f",
        "type": "github"
      },
      "original": {
        "owner": "nix-community",
        "repo": "home-manager",
        "type": "github"
      }
    },
    "hyprcursor": {
      "inputs": {
        "hyprlang": [
          "hyprland",
          "hyprlang"
        ],
        "nixpkgs": [
          "hyprland",
          "nixpkgs"
        ],
        "systems": [
          "hyprland",
          "systems"
        ]
      },
      "locked": {
        "lastModified": 1720108799,
        "narHash": "sha256-AxRkTJlbB8r7aG6gvc7IaLhc2T9TO4/8uqanKRxukBQ=",
        "owner": "hyprwm",
        "repo": "hyprcursor",
        "rev": "a5c0d57325c5f0814c39110a70ca19c070ae9486",
        "type": "github"
      },
      "original": {
        "owner": "hyprwm",
        "repo": "hyprcursor",
        "type": "github"
      }
    },
    "hyprland": {
      "inputs": {
        "hyprcursor": "hyprcursor",
        "hyprlang": "hyprlang",
        "hyprutils": "hyprutils",
        "hyprwayland-scanner": "hyprwayland-scanner",
        "nixpkgs": "nixpkgs",
        "systems": "systems",
        "xdph": "xdph"
      },
      "locked": {
        "lastModified": 1720896272,
        "narHash": "sha256-zo1lDMsxjEyko/P+KfCLNYZrCAWQOrX90/J31nqzpy4=",
        "ref": "refs/heads/main",
        "rev": "bc6b0880dda2607a80f000c134f573c970452a0f",
        "revCount": 4925,
        "submodules": true,
        "type": "git",
        "url": "https://github.com/hyprwm/Hyprland"
      },
      "original": {
        "submodules": true,
        "type": "git",
        "url": "https://github.com/hyprwm/Hyprland"
      }
    },
    "hyprland-protocols": {
      "inputs": {
        "nixpkgs": [
          "hyprland",
          "xdph",
          "nixpkgs"
        ],
        "systems": [
          "hyprland",
          "xdph",
          "systems"
        ]
      },
      "locked": {
        "lastModified": 1718746314,
        "narHash": "sha256-HUklK5u86w2Yh9dOkk4FdsL8eehcOZ95jPhLixGDRQY=",
        "owner": "hyprwm",
        "repo": "hyprland-protocols",
        "rev": "1b61f0093afff20ab44d88ad707aed8bf2215290",
        "type": "github"
      },
      "original": {
        "owner": "hyprwm",
        "repo": "hyprland-protocols",
        "type": "github"
      }
    },
    "hyprlang": {
      "inputs": {
        "hyprutils": [
          "hyprland",
          "hyprutils"
        ],
        "nixpkgs": [
          "hyprland",
          "nixpkgs"
        ],
        "systems": [
          "hyprland",
          "systems"
        ]
      },
      "locked": {
        "lastModified": 1720381373,
        "narHash": "sha256-lyC/EZdHULsaAKVryK11lgHY9u6pXr7qR4irnxNWC7k=",
        "owner": "hyprwm",
        "repo": "hyprlang",
        "rev": "5df0174fd09de4ac5475233d65ffc703e89b82eb",
        "type": "github"
      },
      "original": {
        "owner": "hyprwm",
        "repo": "hyprlang",
        "type": "github"
      }
    },
    "hyprutils": {
      "inputs": {
        "nixpkgs": [
          "hyprland",
          "nixpkgs"
        ],
        "systems": [
          "hyprland",
          "systems"
        ]
      },
      "locked": {
        "lastModified": 1720545076,
        "narHash": "sha256-Pxacc2uoxI00koXp5+CyNqHOTQlqNlK0rlRHDBHX4+g=",
        "owner": "hyprwm",
        "repo": "hyprutils",
        "rev": "6174a2a25f4e216c0f1d0c4278adc23c476b1d09",
        "type": "github"
      },
      "original": {
        "owner": "hyprwm",
        "repo": "hyprutils",
        "type": "github"
      }
    },
    "hyprwayland-scanner": {
      "inputs": {
        "nixpkgs": [
          "hyprland",
          "nixpkgs"
        ],
        "systems": [
          "hyprland",
          "systems"
        ]
      },
      "locked": {
        "lastModified": 1720215857,
        "narHash": "sha256-JPdL+Qul+jEueAn8CARfcWP83eJgwkhMejQYfDvrgvU=",
        "owner": "hyprwm",
        "repo": "hyprwayland-scanner",
        "rev": "d5fa094ca27e0039be5e94c0a80ae433145af8bb",
        "type": "github"
      },
      "original": {
        "owner": "hyprwm",
        "repo": "hyprwayland-scanner",
        "type": "github"
      }
    },
    "impermanence": {
      "locked": {
        "lastModified": 1719091691,
        "narHash": "sha256-AxaLX5cBEcGtE02PeGsfscSb/fWMnyS7zMWBXQWDKbE=",
        "owner": "nix-community",
        "repo": "impermanence",
        "rev": "23c1f06316b67cb5dabdfe2973da3785cfe9c34a",
        "type": "github"
      },
      "original": {
        "owner": "nix-community",
        "repo": "impermanence",
        "type": "github"
      }
    },
    "miku-cursor": {
      "inputs": {
        "nixpkgs": [
          "nixpkgs"
        ]
      },
      "locked": {
        "lastModified": 1,
        "narHash": "sha256-9ejg4o+fTHKF9OP0SWMr5gkL0yh38guQNQ6mml3wPKg=",
        "path": "./flakes/miku-cursor",
        "type": "path"
      },
      "original": {
        "path": "./flakes/miku-cursor",
        "type": "path"
      }
    },
    "nix-gaming": {
      "inputs": {
        "flake-parts": "flake-parts",
        "nixpkgs": "nixpkgs_2"
      },
      "locked": {
        "lastModified": 1720920199,
        "narHash": "sha256-0dNwRhtUVQha5S+NFeoeMXEt/6v0x56DCdyUk+vEFeY=",
        "owner": "fufexan",
        "repo": "nix-gaming",
        "rev": "fce565402d5b1ed4e92c4a9dfcd094d0172d8f0b",
        "type": "github"
      },
      "original": {
        "owner": "fufexan",
        "repo": "nix-gaming",
        "type": "github"
      }
    },
    "nixpkgs": {
      "locked": {
        "lastModified": 1720542800,
        "narHash": "sha256-ZgnNHuKV6h2+fQ5LuqnUaqZey1Lqqt5dTUAiAnqH0QQ=",
        "owner": "NixOS",
        "repo": "nixpkgs",
        "rev": "feb2849fdeb70028c70d73b848214b00d324a497",
        "type": "github"
      },
      "original": {
        "owner": "NixOS",
        "ref": "nixos-unstable",
        "repo": "nixpkgs",
        "type": "github"
      }
    },
    "nixpkgs-lib": {
      "locked": {
        "lastModified": 1719876945,
        "narHash": "sha256-Fm2rDDs86sHy0/1jxTOKB1118Q0O3Uc7EC0iXvXKpbI=",
        "type": "tarball",
        "url": "https://github.com/NixOS/nixpkgs/archive/5daf0514482af3f97abaefc78a6606365c9108e2.tar.gz"
      },
      "original": {
        "type": "tarball",
        "url": "https://github.com/NixOS/nixpkgs/archive/5daf0514482af3f97abaefc78a6606365c9108e2.tar.gz"
      }
    },
    "nixpkgs_2": {
      "locked": {
        "lastModified": 1720781449,
        "narHash": "sha256-po3TZO9kcZwzvkyMJKb0WCzzDtiHWD34XeRaX1lWXp0=",
        "owner": "NixOS",
        "repo": "nixpkgs",
        "rev": "8b5a3d5a1d951344d683b442c0739010b80039db",
        "type": "github"
      },
      "original": {
        "owner": "NixOS",
        "ref": "nixpkgs-unstable",
        "repo": "nixpkgs",
        "type": "github"
      }
    },
    "nixpkgs_3": {
      "locked": {
        "lastModified": 1720768451,
        "narHash": "sha256-EYekUHJE2gxeo2pM/zM9Wlqw1Uw2XTJXOSAO79ksc4Y=",
        "owner": "NixOS",
        "repo": "nixpkgs",
        "rev": "7e7c39ea35c5cdd002cd4588b03a3fb9ece6fad9",
        "type": "github"
      },
      "original": {
        "id": "nixpkgs",
        "ref": "nixos-unstable",
        "type": "indirect"
      }
    },
    "qti": {
      "inputs": {
        "nixpkgs": [
          "nixpkgs"
        ]
      },
      "locked": {
        "lastModified": 1717227804,
        "narHash": "sha256-7F4Iafi4hh2YVIxb723uol7lfEn7Hg+YtI7MyxpaGaY=",
        "ref": "refs/heads/master",
        "rev": "5724e1445019dfd8d2eb110a941779dc3a2437f1",
        "revCount": 51,
        "submodules": true,
        "type": "git",
        "url": "https://github.com/pterror/qti"
      },
      "original": {
        "submodules": true,
        "type": "git",
        "url": "https://github.com/pterror/qti"
      }
    },
    "quickshell": {
      "inputs": {
        "nixpkgs": [
          "nixpkgs"
        ]
      },
      "locked": {
        "lastModified": 1720999321,
        "narHash": "sha256-aP+lkZ3z2rTBHZ2YXjJ/SWOltdKbwQIxQZQAQQW5zEU=",
        "ref": "refs/heads/master",
        "rev": "d1c33d48cde52ce9416662052cb5136406d094f7",
        "revCount": 253,
        "type": "git",
        "url": "https://git.outfoxxed.me/outfoxxed/quickshell"
      },
      "original": {
        "type": "git",
        "url": "https://git.outfoxxed.me/outfoxxed/quickshell"
      }
    },
    "root": {
      "inputs": {
        "home-manager": "home-manager",
        "hyprland": "hyprland",
        "impermanence": "impermanence",
        "miku-cursor": "miku-cursor",
        "nix-gaming": "nix-gaming",
        "nixpkgs": "nixpkgs_3",
        "qti": "qti",
        "quickshell": "quickshell",
        "unicorn-scribbles-font": "unicorn-scribbles-font"
      }
    },
    "systems": {
      "locked": {
        "lastModified": 1689347949,
        "narHash": "sha256-12tWmuL2zgBgZkdoB6qXZsgJEH9LR3oUgpaQq2RbI80=",
        "owner": "nix-systems",
        "repo": "default-linux",
        "rev": "31732fcf5e8fea42e59c2488ad31a0e651500f68",
        "type": "github"
      },
      "original": {
        "owner": "nix-systems",
        "repo": "default-linux",
        "type": "github"
      }
    },
    "unicorn-scribbles-font": {
      "inputs": {
        "nixpkgs": [
          "nixpkgs"
        ]
      },
      "locked": {
        "lastModified": 1,
        "narHash": "sha256-KzMZkQFoPoSdYp49Qw7etVeGitTF2HGe8BeAKOKYSik=",
        "path": "./flakes/unicorn-scribbles-font",
        "type": "path"
      },
      "original": {
        "path": "./flakes/unicorn-scribbles-font",
        "type": "path"
      }
    },
    "xdph": {
      "inputs": {
        "hyprland-protocols": "hyprland-protocols",
        "hyprlang": [
          "hyprland",
          "hyprlang"
        ],
        "nixpkgs": [
          "hyprland",
          "nixpkgs"
        ],
        "systems": [
          "hyprland",
          "systems"
        ]
      },
      "locked": {
        "lastModified": 1720194466,
        "narHash": "sha256-Rizg9efi6ue95zOp0MeIV2ZedNo+5U9G2l6yirgBUnA=",
        "owner": "hyprwm",
        "repo": "xdg-desktop-portal-hyprland",
        "rev": "b9b97e5ba23fe7bd5fa4df54696102e8aa863cf6",
        "type": "github"
      },
      "original": {
        "owner": "hyprwm",
        "repo": "xdg-desktop-portal-hyprland",
        "type": "github"
      }
    }
  },
  "root": "root",
  "version": 7
}
